
Microsoft Visual Studio Solution File, Format Version 12.00
Project("{FAE04EC0-301F-11D3-BF4B-00C04F79EFBC}") = "GitHubHomePage", "GitHubHomePage\GitHubHomePage.csproj", "{511A2D77-C73B-4E03-9F0F-1C46E7B4EBA5}"
EndProject
Global
	GlobalSection(SolutionConfigurationPlatforms) = preSolution
		Debug|Any CPU = Debug|Any CPU
		Release|Any CPU = Release|Any CPU
	EndGlobalSection
	GlobalSection(ProjectConfigurationPlatforms) = postSolution
		{511A2D77-C73B-4E03-9F0F-1C46E7B4EBA5}.Debug|Any CPU.ActiveCfg = Debug|Any CPU
		{511A2D77-C73B-4E03-9F0F-1C46E7B4EBA5}.Debug|Any CPU.Build.0 = Debug|Any CPU
		{511A2D77-C73B-4E03-9F0F-1C46E7B4EBA5}.Release|Any CPU.ActiveCfg = Release|Any CPU
		{511A2D77-C73B-4E03-9F0F-1C46E7B4EBA5}.Release|Any CPU.Build.0 = Release|Any CPU
	EndGlobalSection
EndGlobal
